
Microsoft Visual Studio Solution File, Format Version 12.00
# Visual Studio Version 17
VisualStudioVersion = 17.6.33829.357
MinimumVisualStudioVersion = 10.0.40219.1
Project("{FAE04EC0-301F-11D3-BF4B-00C04F79EFBC}") = "WorckTimer.Api", "WorckTimer.Api\WorckTimer.Api.csproj", "{A5118981-1BA6-4B23-9F9E-AFA910BF57F9}"
EndProject
Project("{FAE04EC0-301F-11D3-BF4B-00C04F79EFBC}") = "WorkTimer.Data", "WorkTimer.Data\WorkTimer.Data.csproj", "{20784E16-5EA8-4F72-AE58-10D7FD9511B3}"
EndProject
Project("{FAE04EC0-301F-11D3-BF4B-00C04F79EFBC}") = "WorkTimer.Common", "WorkTimer.Common\WorkTimer.Common.csproj", "{7CE6013B-E143-4AA9-8798-BD3CF98D22A5}"
EndProject
Project("{FAE04EC0-301F-11D3-BF4B-00C04F79EFBC}") = "WorkTimer.App", "WorkTimer.App\WorkTimer.App.csproj", "{3C0AF861-CB55-4AD4-93CE-0548F4C712AA}"
EndProject
Project("{FAE04EC0-301F-11D3-BF4B-00C04F79EFBC}") = "WorkTimer.Web", "WorkTimer.Web\WorkTimer.Web.csproj", "{9C5146C2-9BA5-4CDC-ABEC-BA9026190E21}"
EndProject
Project("{FAE04EC0-301F-11D3-BF4B-00C04F79EFBC}") = "WorkTimer.Web.Common", "WorkTimer.Web.Common\WorkTimer.Web.Common.csproj", "{8596246A-3084-4868-B9F6-FBF6129048A1}"
EndProject
Project("{2150E333-8FDC-42A3-9474-1A3956D46DE8}") = "submodules", "submodules", "{1A5B9118-4805-411A-AAF2-BA280F0E9959}"
EndProject
Project("{9A19103F-16F7-4668-BE54-9A1E7A4F7556}") = "QuickActions.Api", "..\QuickActions\QuickActions.Api\QuickActions.Api.csproj", "{A07774C5-9CC2-4650-88AD-0350AD4503ED}"
EndProject
Project("{9A19103F-16F7-4668-BE54-9A1E7A4F7556}") = "QuickActions.Common", "..\QuickActions\QuickActions.Domains\QuickActions.Common.csproj", "{8B19717A-E1C2-47AA-AF9E-7D1B2BBE584D}"
EndProject
Global
	GlobalSection(SolutionConfigurationPlatforms) = preSolution
		Debug|Any CPU = Debug|Any CPU
		Release|Any CPU = Release|Any CPU
	EndGlobalSection
	GlobalSection(ProjectConfigurationPlatforms) = postSolution
		{A5118981-1BA6-4B23-9F9E-AFA910BF57F9}.Debug|Any CPU.ActiveCfg = Debug|Any CPU
		{A5118981-1BA6-4B23-9F9E-AFA910BF57F9}.Debug|Any CPU.Build.0 = Debug|Any CPU
		{A5118981-1BA6-4B23-9F9E-AFA910BF57F9}.Release|Any CPU.ActiveCfg = Release|Any CPU
		{A5118981-1BA6-4B23-9F9E-AFA910BF57F9}.Release|Any CPU.Build.0 = Release|Any CPU
		{20784E16-5EA8-4F72-AE58-10D7FD9511B3}.Debug|Any CPU.ActiveCfg = Debug|Any CPU
		{20784E16-5EA8-4F72-AE58-10D7FD9511B3}.Debug|Any CPU.Build.0 = Debug|Any CPU
		{20784E16-5EA8-4F72-AE58-10D7FD9511B3}.Release|Any CPU.ActiveCfg = Release|Any CPU
		{20784E16-5EA8-4F72-AE58-10D7FD9511B3}.Release|Any CPU.Build.0 = Release|Any CPU
		{7CE6013B-E143-4AA9-8798-BD3CF98D22A5}.Debug|Any CPU.ActiveCfg = Debug|Any CPU
		{7CE6013B-E143-4AA9-8798-BD3CF98D22A5}.Debug|Any CPU.Build.0 = Debug|Any CPU
		{7CE6013B-E143-4AA9-8798-BD3CF98D22A5}.Release|Any CPU.ActiveCfg = Release|Any CPU
		{7CE6013B-E143-4AA9-8798-BD3CF98D22A5}.Release|Any CPU.Build.0 = Release|Any CPU
		{3C0AF861-CB55-4AD4-93CE-0548F4C712AA}.Debug|Any CPU.ActiveCfg = Debug|Any CPU
		{3C0AF861-CB55-4AD4-93CE-0548F4C712AA}.Debug|Any CPU.Build.0 = Debug|Any CPU
		{3C0AF861-CB55-4AD4-93CE-0548F4C712AA}.Debug|Any CPU.Deploy.0 = Debug|Any CPU
		{3C0AF861-CB55-4AD4-93CE-0548F4C712AA}.Release|Any CPU.ActiveCfg = Release|Any CPU
		{3C0AF861-CB55-4AD4-93CE-0548F4C712AA}.Release|Any CPU.Build.0 = Release|Any CPU
		{3C0AF861-CB55-4AD4-93CE-0548F4C712AA}.Release|Any CPU.Deploy.0 = Release|Any CPU
		{9C5146C2-9BA5-4CDC-ABEC-BA9026190E21}.Debug|Any CPU.ActiveCfg = Debug|Any CPU
		{9C5146C2-9BA5-4CDC-ABEC-BA9026190E21}.Debug|Any CPU.Build.0 = Debug|Any CPU
		{9C5146C2-9BA5-4CDC-ABEC-BA9026190E21}.Release|Any CPU.ActiveCfg = Release|Any CPU
		{9C5146C2-9BA5-4CDC-ABEC-BA9026190E21}.Release|Any CPU.Build.0 = Release|Any CPU
		{8596246A-3084-4868-B9F6-FBF6129048A1}.Debug|Any CPU.ActiveCfg = Debug|Any CPU
		{8596246A-3084-4868-B9F6-FBF6129048A1}.Debug|Any CPU.Build.0 = Debug|Any CPU
		{8596246A-3084-4868-B9F6-FBF6129048A1}.Release|Any CPU.ActiveCfg = Release|Any CPU
		{8596246A-3084-4868-B9F6-FBF6129048A1}.Release|Any CPU.Build.0 = Release|Any CPU
		{A07774C5-9CC2-4650-88AD-0350AD4503ED}.Debug|Any CPU.ActiveCfg = Debug|Any CPU
		{A07774C5-9CC2-4650-88AD-0350AD4503ED}.Debug|Any CPU.Build.0 = Debug|Any CPU
		{A07774C5-9CC2-4650-88AD-0350AD4503ED}.Release|Any CPU.ActiveCfg = Release|Any CPU
		{A07774C5-9CC2-4650-88AD-0350AD4503ED}.Release|Any CPU.Build.0 = Release|Any CPU
		{8B19717A-E1C2-47AA-AF9E-7D1B2BBE584D}.Debug|Any CPU.ActiveCfg = Debug|Any CPU
		{8B19717A-E1C2-47AA-AF9E-7D1B2BBE584D}.Debug|Any CPU.Build.0 = Debug|Any CPU
		{8B19717A-E1C2-47AA-AF9E-7D1B2BBE584D}.Release|Any CPU.ActiveCfg = Release|Any CPU
		{8B19717A-E1C2-47AA-AF9E-7D1B2BBE584D}.Release|Any CPU.Build.0 = Release|Any CPU
	EndGlobalSection
	GlobalSection(SolutionProperties) = preSolution
		HideSolutionNode = FALSE
	EndGlobalSection
	GlobalSection(NestedProjects) = preSolution
		{A07774C5-9CC2-4650-88AD-0350AD4503ED} = {1A5B9118-4805-411A-AAF2-BA280F0E9959}
		{8B19717A-E1C2-47AA-AF9E-7D1B2BBE584D} = {1A5B9118-4805-411A-AAF2-BA280F0E9959}
	EndGlobalSection
	GlobalSection(ExtensibilityGlobals) = postSolution
		SolutionGuid = {C44EBB7D-373E-4CA1-B29A-E49205FA3558}
	EndGlobalSection
EndGlobal
