
Microsoft Visual Studio Solution File, Format Version 12.00
# Visual Studio Version 17
VisualStudioVersion = 17.6.33829.357
MinimumVisualStudioVersion = 10.0.40219.1
Project("{9A19103F-16F7-4668-BE54-9A1E7A4F7556}") = "WorkTimer.Api", "src\WorckTimer.Api\WorkTimer.Api.csproj", "{A5118981-1BA6-4B23-9F9E-AFA910BF57F9}"
EndProject
Project("{9A19103F-16F7-4668-BE54-9A1E7A4F7556}") = "WorkTimer.Common", "src\WorkTimer.Common\WorkTimer.Common.csproj", "{7CE6013B-E143-4AA9-8798-BD3CF98D22A5}"
EndProject
Project("{9A19103F-16F7-4668-BE54-9A1E7A4F7556}") = "WorkTimer.App", "src\WorkTimer.App\WorkTimer.App.csproj", "{3C0AF861-CB55-4AD4-93CE-0548F4C712AA}"
EndProject
Project("{9A19103F-16F7-4668-BE54-9A1E7A4F7556}") = "WorkTimer.Web", "src\WorkTimer.Web\WorkTimer.Web.csproj", "{9C5146C2-9BA5-4CDC-ABEC-BA9026190E21}"
EndProject
Project("{9A19103F-16F7-4668-BE54-9A1E7A4F7556}") = "WorkTimer.Web.Common", "src\WorkTimer.Web.Common\WorkTimer.Web.Common.csproj", "{8596246A-3084-4868-B9F6-FBF6129048A1}"
EndProject
Project("{2150E333-8FDC-42A3-9474-1A3956D46DE8}") = "submodules", "submodules", "{1A5B9118-4805-411A-AAF2-BA280F0E9959}"
EndProject
Project("{2150E333-8FDC-42A3-9474-1A3956D46DE8}") = "Solution Items", "Solution Items", "{A2F8938F-143D-46A8-8D7F-25B673FAE4D0}"
	ProjectSection(SolutionItems) = preProject
		docker-compose.yml = docker-compose.yml
		README.md = README.md
	EndProjectSection
EndProject
Project("{9A19103F-16F7-4668-BE54-9A1E7A4F7556}") = "QuickActions.Api", "submodules\quick-actions\QuickActions.Api\QuickActions.Api.csproj", "{D05A8CBA-0719-479B-8CB9-A36106C77E09}"
EndProject
Project("{9A19103F-16F7-4668-BE54-9A1E7A4F7556}") = "QuickActions.Api.Identity", "submodules\quick-actions\QuickActions.Api.Identity\QuickActions.Api.Identity.csproj", "{07CFBDE3-5AED-4749-B00A-FEC687F70163}"
EndProject
Project("{9A19103F-16F7-4668-BE54-9A1E7A4F7556}") = "QuickActions.Common", "submodules\quick-actions\QuickActions.Common\QuickActions.Common.csproj", "{7B3BD5C4-C3FB-40AE-8DBA-38A5FC14F2DD}"
EndProject
Project("{9A19103F-16F7-4668-BE54-9A1E7A4F7556}") = "QuickActions.Web.Identity", "submodules\quick-actions\QuickActions.Web.Identity\QuickActions.Web.Identity.csproj", "{C59270A8-4B0C-432F-BAAD-FF445AB8870E}"
EndProject
Project("{2150E333-8FDC-42A3-9474-1A3956D46DE8}") = "src", "src", "{96AFA02B-36DE-42E5-B1F0-F08EC66B7209}"
EndProject
Global
	GlobalSection(SolutionConfigurationPlatforms) = preSolution
		Debug|Any CPU = Debug|Any CPU
		Release|Any CPU = Release|Any CPU
	EndGlobalSection
	GlobalSection(ProjectConfigurationPlatforms) = postSolution
		{A5118981-1BA6-4B23-9F9E-AFA910BF57F9}.Debug|Any CPU.ActiveCfg = Debug|Any CPU
		{A5118981-1BA6-4B23-9F9E-AFA910BF57F9}.Debug|Any CPU.Build.0 = Debug|Any CPU
		{A5118981-1BA6-4B23-9F9E-AFA910BF57F9}.Release|Any CPU.ActiveCfg = Release|Any CPU
		{A5118981-1BA6-4B23-9F9E-AFA910BF57F9}.Release|Any CPU.Build.0 = Release|Any CPU
		{7CE6013B-E143-4AA9-8798-BD3CF98D22A5}.Debug|Any CPU.ActiveCfg = Debug|Any CPU
		{7CE6013B-E143-4AA9-8798-BD3CF98D22A5}.Debug|Any CPU.Build.0 = Debug|Any CPU
		{7CE6013B-E143-4AA9-8798-BD3CF98D22A5}.Release|Any CPU.ActiveCfg = Release|Any CPU
		{7CE6013B-E143-4AA9-8798-BD3CF98D22A5}.Release|Any CPU.Build.0 = Release|Any CPU
		{3C0AF861-CB55-4AD4-93CE-0548F4C712AA}.Debug|Any CPU.ActiveCfg = Debug|Any CPU
		{3C0AF861-CB55-4AD4-93CE-0548F4C712AA}.Debug|Any CPU.Build.0 = Debug|Any CPU
		{3C0AF861-CB55-4AD4-93CE-0548F4C712AA}.Debug|Any CPU.Deploy.0 = Debug|Any CPU
		{3C0AF861-CB55-4AD4-93CE-0548F4C712AA}.Release|Any CPU.ActiveCfg = Release|Any CPU
		{3C0AF861-CB55-4AD4-93CE-0548F4C712AA}.Release|Any CPU.Build.0 = Release|Any CPU
		{3C0AF861-CB55-4AD4-93CE-0548F4C712AA}.Release|Any CPU.Deploy.0 = Release|Any CPU
		{9C5146C2-9BA5-4CDC-ABEC-BA9026190E21}.Debug|Any CPU.ActiveCfg = Debug|Any CPU
		{9C5146C2-9BA5-4CDC-ABEC-BA9026190E21}.Debug|Any CPU.Build.0 = Debug|Any CPU
		{9C5146C2-9BA5-4CDC-ABEC-BA9026190E21}.Release|Any CPU.ActiveCfg = Release|Any CPU
		{9C5146C2-9BA5-4CDC-ABEC-BA9026190E21}.Release|Any CPU.Build.0 = Release|Any CPU
		{8596246A-3084-4868-B9F6-FBF6129048A1}.Debug|Any CPU.ActiveCfg = Debug|Any CPU
		{8596246A-3084-4868-B9F6-FBF6129048A1}.Debug|Any CPU.Build.0 = Debug|Any CPU
		{8596246A-3084-4868-B9F6-FBF6129048A1}.Release|Any CPU.ActiveCfg = Release|Any CPU
		{8596246A-3084-4868-B9F6-FBF6129048A1}.Release|Any CPU.Build.0 = Release|Any CPU
		{D05A8CBA-0719-479B-8CB9-A36106C77E09}.Debug|Any CPU.ActiveCfg = Debug|Any CPU
		{D05A8CBA-0719-479B-8CB9-A36106C77E09}.Debug|Any CPU.Build.0 = Debug|Any CPU
		{D05A8CBA-0719-479B-8CB9-A36106C77E09}.Release|Any CPU.ActiveCfg = Release|Any CPU
		{D05A8CBA-0719-479B-8CB9-A36106C77E09}.Release|Any CPU.Build.0 = Release|Any CPU
		{07CFBDE3-5AED-4749-B00A-FEC687F70163}.Debug|Any CPU.ActiveCfg = Debug|Any CPU
		{07CFBDE3-5AED-4749-B00A-FEC687F70163}.Debug|Any CPU.Build.0 = Debug|Any CPU
		{07CFBDE3-5AED-4749-B00A-FEC687F70163}.Release|Any CPU.ActiveCfg = Release|Any CPU
		{07CFBDE3-5AED-4749-B00A-FEC687F70163}.Release|Any CPU.Build.0 = Release|Any CPU
		{7B3BD5C4-C3FB-40AE-8DBA-38A5FC14F2DD}.Debug|Any CPU.ActiveCfg = Debug|Any CPU
		{7B3BD5C4-C3FB-40AE-8DBA-38A5FC14F2DD}.Debug|Any CPU.Build.0 = Debug|Any CPU
		{7B3BD5C4-C3FB-40AE-8DBA-38A5FC14F2DD}.Release|Any CPU.ActiveCfg = Release|Any CPU
		{7B3BD5C4-C3FB-40AE-8DBA-38A5FC14F2DD}.Release|Any CPU.Build.0 = Release|Any CPU
		{C59270A8-4B0C-432F-BAAD-FF445AB8870E}.Debug|Any CPU.ActiveCfg = Debug|Any CPU
		{C59270A8-4B0C-432F-BAAD-FF445AB8870E}.Debug|Any CPU.Build.0 = Debug|Any CPU
		{C59270A8-4B0C-432F-BAAD-FF445AB8870E}.Release|Any CPU.ActiveCfg = Release|Any CPU
		{C59270A8-4B0C-432F-BAAD-FF445AB8870E}.Release|Any CPU.Build.0 = Release|Any CPU
	EndGlobalSection
	GlobalSection(SolutionProperties) = preSolution
		HideSolutionNode = FALSE
	EndGlobalSection
	GlobalSection(NestedProjects) = preSolution
		{D05A8CBA-0719-479B-8CB9-A36106C77E09} = {1A5B9118-4805-411A-AAF2-BA280F0E9959}
		{07CFBDE3-5AED-4749-B00A-FEC687F70163} = {1A5B9118-4805-411A-AAF2-BA280F0E9959}
		{7B3BD5C4-C3FB-40AE-8DBA-38A5FC14F2DD} = {1A5B9118-4805-411A-AAF2-BA280F0E9959}
		{C59270A8-4B0C-432F-BAAD-FF445AB8870E} = {1A5B9118-4805-411A-AAF2-BA280F0E9959}
		{A5118981-1BA6-4B23-9F9E-AFA910BF57F9} = {96AFA02B-36DE-42E5-B1F0-F08EC66B7209}
		{3C0AF861-CB55-4AD4-93CE-0548F4C712AA} = {96AFA02B-36DE-42E5-B1F0-F08EC66B7209}
		{7CE6013B-E143-4AA9-8798-BD3CF98D22A5} = {96AFA02B-36DE-42E5-B1F0-F08EC66B7209}
		{9C5146C2-9BA5-4CDC-ABEC-BA9026190E21} = {96AFA02B-36DE-42E5-B1F0-F08EC66B7209}
		{8596246A-3084-4868-B9F6-FBF6129048A1} = {96AFA02B-36DE-42E5-B1F0-F08EC66B7209}
	EndGlobalSection
	GlobalSection(ExtensibilityGlobals) = postSolution
		SolutionGuid = {C44EBB7D-373E-4CA1-B29A-E49205FA3558}
	EndGlobalSection
EndGlobal
