
Microsoft Visual Studio Solution File, Format Version 12.00
# Visual Studio Version 17
VisualStudioVersion = 17.6.33815.320
MinimumVisualStudioVersion = 10.0.40219.1
Project("{9A19103F-16F7-4668-BE54-9A1E7A4F7556}") = "QuickActions.Api", "QuickActions.Api\QuickActions.Api.csproj", "{F7A6A8BE-ABB3-431A-B89F-BAFFE1D05934}"
EndProject
Project("{9A19103F-16F7-4668-BE54-9A1E7A4F7556}") = "QuickActions.Common", "QuickActions.Common\QuickActions.Common.csproj", "{FCF551D2-6FDE-41BF-9DA4-AD912BE124BB}"
EndProject
Project("{FAE04EC0-301F-11D3-BF4B-00C04F79EFBC}") = "QuickActions.Api.Identity", "QuickActions.Api.Identity\QuickActions.Api.Identity.csproj", "{62D86892-6118-4C39-941E-DA4C8DF73C14}"
EndProject
Project("{2150E333-8FDC-42A3-9474-1A3956D46DE8}") = "Solution Items", "Solution Items", "{2559BFCA-E0F7-41A9-9321-8E74707A6282}"
	ProjectSection(SolutionItems) = preProject
		.editorconfig = .editorconfig
	EndProjectSection
EndProject
Project("{FAE04EC0-301F-11D3-BF4B-00C04F79EFBC}") = "QuickActions.Web.Identity", "QuickActions.Web.Identity\QuickActions.Web.Identity.csproj", "{E8658CDD-4936-48F6-87E0-214D62B86169}"
EndProject
Global
	GlobalSection(SolutionConfigurationPlatforms) = preSolution
		Debug Optimize Size|Any CPU = Debug Optimize Size|Any CPU
		Debug|Any CPU = Debug|Any CPU
		Release Optimize Size|Any CPU = Release Optimize Size|Any CPU
		Release|Any CPU = Release|Any CPU
	EndGlobalSection
	GlobalSection(ProjectConfigurationPlatforms) = postSolution
		{F7A6A8BE-ABB3-431A-B89F-BAFFE1D05934}.Debug Optimize Size|Any CPU.ActiveCfg = Debug|Any CPU
		{F7A6A8BE-ABB3-431A-B89F-BAFFE1D05934}.Debug Optimize Size|Any CPU.Build.0 = Debug|Any CPU
		{F7A6A8BE-ABB3-431A-B89F-BAFFE1D05934}.Debug|Any CPU.ActiveCfg = Debug|Any CPU
		{F7A6A8BE-ABB3-431A-B89F-BAFFE1D05934}.Debug|Any CPU.Build.0 = Debug|Any CPU
		{F7A6A8BE-ABB3-431A-B89F-BAFFE1D05934}.Release Optimize Size|Any CPU.ActiveCfg = Release|Any CPU
		{F7A6A8BE-ABB3-431A-B89F-BAFFE1D05934}.Release Optimize Size|Any CPU.Build.0 = Release|Any CPU
		{F7A6A8BE-ABB3-431A-B89F-BAFFE1D05934}.Release|Any CPU.ActiveCfg = Release|Any CPU
		{F7A6A8BE-ABB3-431A-B89F-BAFFE1D05934}.Release|Any CPU.Build.0 = Release|Any CPU
		{FCF551D2-6FDE-41BF-9DA4-AD912BE124BB}.Debug Optimize Size|Any CPU.ActiveCfg = Debug|Any CPU
		{FCF551D2-6FDE-41BF-9DA4-AD912BE124BB}.Debug Optimize Size|Any CPU.Build.0 = Debug|Any CPU
		{FCF551D2-6FDE-41BF-9DA4-AD912BE124BB}.Debug|Any CPU.ActiveCfg = Debug|Any CPU
		{FCF551D2-6FDE-41BF-9DA4-AD912BE124BB}.Debug|Any CPU.Build.0 = Debug|Any CPU
		{FCF551D2-6FDE-41BF-9DA4-AD912BE124BB}.Release Optimize Size|Any CPU.ActiveCfg = Release|Any CPU
		{FCF551D2-6FDE-41BF-9DA4-AD912BE124BB}.Release Optimize Size|Any CPU.Build.0 = Release|Any CPU
		{FCF551D2-6FDE-41BF-9DA4-AD912BE124BB}.Release|Any CPU.ActiveCfg = Release|Any CPU
		{FCF551D2-6FDE-41BF-9DA4-AD912BE124BB}.Release|Any CPU.Build.0 = Release|Any CPU
		{62D86892-6118-4C39-941E-DA4C8DF73C14}.Debug Optimize Size|Any CPU.ActiveCfg = Debug|Any CPU
		{62D86892-6118-4C39-941E-DA4C8DF73C14}.Debug Optimize Size|Any CPU.Build.0 = Debug|Any CPU
		{62D86892-6118-4C39-941E-DA4C8DF73C14}.Debug|Any CPU.ActiveCfg = Debug|Any CPU
		{62D86892-6118-4C39-941E-DA4C8DF73C14}.Debug|Any CPU.Build.0 = Debug|Any CPU
		{62D86892-6118-4C39-941E-DA4C8DF73C14}.Release Optimize Size|Any CPU.ActiveCfg = Release|Any CPU
		{62D86892-6118-4C39-941E-DA4C8DF73C14}.Release Optimize Size|Any CPU.Build.0 = Release|Any CPU
		{62D86892-6118-4C39-941E-DA4C8DF73C14}.Release|Any CPU.ActiveCfg = Release|Any CPU
		{62D86892-6118-4C39-941E-DA4C8DF73C14}.Release|Any CPU.Build.0 = Release|Any CPU
		{E8658CDD-4936-48F6-87E0-214D62B86169}.Debug Optimize Size|Any CPU.ActiveCfg = Debug|Any CPU
		{E8658CDD-4936-48F6-87E0-214D62B86169}.Debug Optimize Size|Any CPU.Build.0 = Debug|Any CPU
		{E8658CDD-4936-48F6-87E0-214D62B86169}.Debug|Any CPU.ActiveCfg = Debug|Any CPU
		{E8658CDD-4936-48F6-87E0-214D62B86169}.Debug|Any CPU.Build.0 = Debug|Any CPU
		{E8658CDD-4936-48F6-87E0-214D62B86169}.Release Optimize Size|Any CPU.ActiveCfg = Release|Any CPU
		{E8658CDD-4936-48F6-87E0-214D62B86169}.Release Optimize Size|Any CPU.Build.0 = Release|Any CPU
		{E8658CDD-4936-48F6-87E0-214D62B86169}.Release|Any CPU.ActiveCfg = Release|Any CPU
		{E8658CDD-4936-48F6-87E0-214D62B86169}.Release|Any CPU.Build.0 = Release|Any CPU
	EndGlobalSection
	GlobalSection(SolutionProperties) = preSolution
		HideSolutionNode = FALSE
	EndGlobalSection
	GlobalSection(ExtensibilityGlobals) = postSolution
		SolutionGuid = {5EAA53E8-543B-4072-9E7F-29F32F93CA05}
	EndGlobalSection
EndGlobal
